<?xml version="1.0" encoding="utf-8"?>
<Project ToolsVersion="4.0" xmlns="http://schemas.microsoft.com/developer/msbuild/2003">
  <ItemGroup>
    <Filter Include="Source Files">
      <UniqueIdentifier>{4FC737F1-C7A5-4376-A066-2A32D752A2FF}</UniqueIdentifier>
      <Extensions>cpp;c;cc;cxx;c++;cppm;ixx;def;odl;idl;hpj;bat;asm;asmx</Extensions>
    </Filter>
    <Filter Include="Header Files">
      <UniqueIdentifier>{93995380-89BD-4b04-88EB-625FBE52EBFB}</UniqueIdentifier>
      <Extensions>h;hh;hpp;hxx;h++;hm;inl;inc;ipp;xsd</Extensions>
    </Filter>
    <Filter Include="Resource Files">
      <UniqueIdentifier>{67DA6AB6-F800-4c08-8B7A-83BB121AAD01}</UniqueIdentifier>
      <Extensions>rc;ico;cur;bmp;dlg;rc2;rct;bin;rgs;gif;jpg;jpeg;jpe;resx;tiff;tif;png;wav;mfcribbon-ms</Extensions>
    </Filter>
    <Filter Include="Header Files\imgui_sfml">
      <UniqueIdentifier>{8e98b089-e53e-46b9-95c3-81065c6ec4ba}</UniqueIdentifier>
    </Filter>
    <Filter Include="Header Files\alieninvaders">
      <UniqueIdentifier>{6308393d-762f-41be-bef0-a0fa3a73e766}</UniqueIdentifier>
    </Filter>
    <Filter Include="Source Files\alieninvaders">
      <UniqueIdentifier>{59ba76c0-10a3-45b5-a072-3b0eb4c36fa9}</UniqueIdentifier>
    </Filter>
    <Filter Include="Source Files\imgui_sfml">
      <UniqueIdentifier>{ff56205a-6e12-4423-b151-1c209106a317}</UniqueIdentifier>
    </Filter>
    <Filter Include="Source Files\alieninvaders\player_selector">
      <UniqueIdentifier>{f0be29bf-f25a-4813-bdba-ae8668a89757}</UniqueIdentifier>
    </Filter>
    <Filter Include="Header Files\alieninvaders\player_selector">
      <UniqueIdentifier>{432a91c5-db64-418e-9f3c-5746d0917ebb}</UniqueIdentifier>
    </Filter>
  </ItemGroup>
  <ItemGroup>
    <ClCompile Include="..\..\..\main_sources\source\AnimationWindowSource.cpp">
      <Filter>Source Files\alieninvaders</Filter>
    </ClCompile>
    <ClCompile Include="..\..\..\main_sources\source\BoomBoxSource.cpp">
      <Filter>Source Files\alieninvaders</Filter>
    </ClCompile>
    <ClCompile Include="..\..\..\main_sources\source\Constants.cpp">
      <Filter>Source Files\alieninvaders</Filter>
    </ClCompile>
    <ClCompile Include="..\..\..\main_sources\source\Controls.cpp">
      <Filter>Source Files\alieninvaders</Filter>
    </ClCompile>
    <ClCompile Include="..\..\..\main_sources\source\EnemySpaceShipSource.cpp">
      <Filter>Source Files\alieninvaders</Filter>
    </ClCompile>
    <ClCompile Include="..\..\..\main_sources\source\ImguiRendererForWindow.cpp">
      <Filter>Source Files\alieninvaders</Filter>
    </ClCompile>
    <ClCompile Include="..\..\..\main_sources\source\MainThread.cpp">
      <Filter>Source Files\alieninvaders</Filter>
    </ClCompile>
    <ClCompile Include="..\..\..\main_sources\source\MainWindowSource.cpp">
      <Filter>Source Files\alieninvaders</Filter>
    </ClCompile>
    <ClCompile Include="..\..\..\main_sources\source\PlayerStatsAndScoresWindow.cpp">
      <Filter>Source Files\alieninvaders</Filter>
    </ClCompile>
    <ClCompile Include="..\..\..\main_sources\source\SpaceShipSource.cpp">
      <Filter>Source Files\alieninvaders</Filter>
    </ClCompile>
    <ClCompile Include="..\..\..\main_sources\source\VirtualBullet.cpp">
      <Filter>Source Files\alieninvaders</Filter>
    </ClCompile>
    <ClCompile Include="..\..\..\main_sources\source\VirtualEntity.cpp">
      <Filter>Source Files\alieninvaders</Filter>
    </ClCompile>
    <ClCompile Include="..\..\..\main_sources\source\VirtualSpaceShip.cpp">
      <Filter>Source Files\alieninvaders</Filter>
    </ClCompile>
    <ClCompile Include="..\..\..\main_sources\source\VirtualWindowSource.cpp">
      <Filter>Source Files\alieninvaders</Filter>
    </ClCompile>
    <ClCompile Include="..\..\..\main_libraries\imgui\binary_to_compressed_c.cpp">
      <Filter>Source Files\imgui_sfml</Filter>
    </ClCompile>
    <ClCompile Include="..\..\..\main_libraries\imgui\imgui.cpp">
      <Filter>Source Files\imgui_sfml</Filter>
    </ClCompile>
    <ClCompile Include="..\..\..\main_libraries\imgui\imgui_demo.cpp">
      <Filter>Source Files\imgui_sfml</Filter>
    </ClCompile>
    <ClCompile Include="..\..\..\main_libraries\imgui\imgui_draw.cpp">
      <Filter>Source Files\imgui_sfml</Filter>
    </ClCompile>
    <ClCompile Include="..\..\..\main_libraries\imgui\imgui_impl_opengl3.cpp">
      <Filter>Source Files\imgui_sfml</Filter>
    </ClCompile>
    <ClCompile Include="..\..\..\main_libraries\imgui\imgui_stdlib.cpp">
      <Filter>Source Files\imgui_sfml</Filter>
    </ClCompile>
    <ClCompile Include="..\..\..\main_libraries\imgui\imgui_tables.cpp">
      <Filter>Source Files\imgui_sfml</Filter>
    </ClCompile>
    <ClCompile Include="..\..\..\main_libraries\imgui\imgui_widgets.cpp">
      <Filter>Source Files\imgui_sfml</Filter>
    </ClCompile>
    <ClCompile Include="..\..\..\main_libraries\imgui-sfml\imgui-SFML.cpp">
      <Filter>Source Files\imgui_sfml</Filter>
    </ClCompile>
    <ClCompile Include="Player.cpp">
      <Filter>Source Files\alieninvaders</Filter>
    </ClCompile>
    <ClCompile Include="PlayerSelectorWindow.cpp">
      <Filter>Source Files\alieninvaders\player_selector</Filter>
    </ClCompile>
  </ItemGroup>
  <ItemGroup>
    <ClInclude Include="..\..\..\include\imgui\imconfig.h">
      <Filter>Header Files\imgui_sfml</Filter>
    </ClInclude>
    <ClInclude Include="..\..\..\include\imgui-sfml\imconfig-SFML.h">
      <Filter>Header Files\imgui_sfml</Filter>
    </ClInclude>
    <ClInclude Include="..\..\..\include\imgui\imgui.h">
      <Filter>Header Files\imgui_sfml</Filter>
    </ClInclude>
    <ClInclude Include="..\..\..\include\imgui\imgui_impl_opengl3.h">
      <Filter>Header Files\imgui_sfml</Filter>
    </ClInclude>
    <ClInclude Include="..\..\..\include\imgui\imgui_impl_opengl3_loader.h">
      <Filter>Header Files\imgui_sfml</Filter>
    </ClInclude>
    <ClInclude Include="..\..\..\include\imgui\imgui_internal.h">
      <Filter>Header Files\imgui_sfml</Filter>
    </ClInclude>
    <ClInclude Include="..\..\..\include\imgui\imgui_single_file.h">
      <Filter>Header Files\imgui_sfml</Filter>
    </ClInclude>
    <ClInclude Include="..\..\..\include\imgui\imgui_stdlib.h">
      <Filter>Header Files\imgui_sfml</Filter>
    </ClInclude>
    <ClInclude Include="..\..\..\include\imgui-sfml\imgui-SFML.h">
      <Filter>Header Files\imgui_sfml</Filter>
    </ClInclude>
    <ClInclude Include="..\..\..\include\imgui-sfml\imgui-SFML_export.h">
      <Filter>Header Files\imgui_sfml</Filter>
    </ClInclude>
    <ClInclude Include="..\..\..\include\imgui\imstb_rectpack.h">
      <Filter>Header Files\imgui_sfml</Filter>
    </ClInclude>
    <ClInclude Include="..\..\..\include\imgui\imstb_textedit.h">
      <Filter>Header Files\imgui_sfml</Filter>
    </ClInclude>
    <ClInclude Include="..\..\..\include\imgui\imstb_truetype.h">
      <Filter>Header Files\imgui_sfml</Filter>
    </ClInclude>
    <ClInclude Include="..\..\..\include\alieninvadersretro\AnimationWindow.h">
      <Filter>Header Files\alieninvaders</Filter>
    </ClInclude>
    <ClInclude Include="..\..\..\include\alieninvadersretro\BoomBox.h">
      <Filter>Header Files\alieninvaders</Filter>
    </ClInclude>
    <ClInclude Include="..\..\..\include\alieninvadersretro\Constants.h">
      <Filter>Header Files\alieninvaders</Filter>
    </ClInclude>
    <ClInclude Include="..\..\..\include\alieninvadersretro\Controls.h">
      <Filter>Header Files\alieninvaders</Filter>
    </ClInclude>
    <ClInclude Include="..\..\..\include\alieninvadersretro\EnemySpaceShip.h">
      <Filter>Header Files\alieninvaders</Filter>
    </ClInclude>
    <ClInclude Include="..\..\..\include\alieninvadersretro\EnemySpaceShipBullet.h">
      <Filter>Header Files\alieninvaders</Filter>
    </ClInclude>
    <ClInclude Include="..\..\..\include\alieninvadersretro\ImguiRendererForWindow.h">
      <Filter>Header Files\alieninvaders</Filter>
    </ClInclude>
    <ClInclude Include="..\..\..\include\alieninvadersretro\MainWindowHeader.h">
      <Filter>Header Files\alieninvaders</Filter>
    </ClInclude>
    <ClInclude Include="..\..\..\include\alieninvadersretro\PlayerStatsAndScoresWindow.h">
      <Filter>Header Files\alieninvaders</Filter>
    </ClInclude>
    <ClInclude Include="..\..\..\include\alieninvadersretro\RandomParticlesGenerator.h">
      <Filter>Header Files\alieninvaders</Filter>
    </ClInclude>
    <ClInclude Include="..\..\..\include\alieninvadersretro\SpaceShip.h">
      <Filter>Header Files\alieninvaders</Filter>
    </ClInclude>
    <ClInclude Include="..\..\..\include\alieninvadersretro\SpaceShipBullet.h">
      <Filter>Header Files\alieninvaders</Filter>
    </ClInclude>
    <ClInclude Include="..\..\..\include\alieninvadersretro\StructuresAndOtherFunctions.h">
      <Filter>Header Files\alieninvaders</Filter>
    </ClInclude>
    <ClInclude Include="..\..\..\include\alieninvadersretro\VirtualBullet.h">
      <Filter>Header Files\alieninvaders</Filter>
    </ClInclude>
    <ClInclude Include="..\..\..\include\alieninvadersretro\VirtualEntity.h">
      <Filter>Header Files\alieninvaders</Filter>
    </ClInclude>
    <ClInclude Include="..\..\..\include\alieninvadersretro\VirtualSpaceShip.h">
      <Filter>Header Files\alieninvaders</Filter>
    </ClInclude>
    <ClInclude Include="..\..\..\include\alieninvadersretro\VirtualWindow.h">
      <Filter>Header Files\alieninvaders</Filter>
    </ClInclude>
    <ClInclude Include="Player.h">
      <Filter>Header Files\alieninvaders</Filter>
    </ClInclude>
    <ClInclude Include="PlayerSelectorWindow.h">
      <Filter>Header Files\alieninvaders\player_selector</Filter>
    </ClInclude>
  </ItemGroup>
  <ItemGroup>
    <None Include="ClassDiagram.cd" />
  </ItemGroup>
</Project>